
Microsoft Visual Studio Solution File, Format Version 12.00
# Visual Studio 2012
Project("{F184B08F-C81C-45F6-A57F-5ABD9991F28F}") = "QC Log Print", "QC Log Print\QC Log Print.vbproj", "{C4AC07B3-DAC9-4506-B24B-F444ECC955C8}"
EndProject
Global
	GlobalSection(SolutionConfigurationPlatforms) = preSolution
		Debug|Any CPU = Debug|Any CPU
		Release|Any CPU = Release|Any CPU
	EndGlobalSection
	GlobalSection(ProjectConfigurationPlatforms) = postSolution
		{C4AC07B3-DAC9-4506-B24B-F444ECC955C8}.Debug|Any CPU.ActiveCfg = Debug|Any CPU
		{C4AC07B3-DAC9-4506-B24B-F444ECC955C8}.Debug|Any CPU.Build.0 = Debug|Any CPU
		{C4AC07B3-DAC9-4506-B24B-F444ECC955C8}.Release|Any CPU.ActiveCfg = Release|Any CPU
		{C4AC07B3-DAC9-4506-B24B-F444ECC955C8}.Release|Any CPU.Build.0 = Release|Any CPU
	EndGlobalSection
	GlobalSection(SolutionProperties) = preSolution
		HideSolutionNode = FALSE
	EndGlobalSection
EndGlobal
